// !$*UTF8*$!
{
	archiveVersion = 1;
	classes = {
	};
	objectVersion = 77;
	objects = {

/* Begin PBXContainerItemProxy section */
		802BCEA32DC6666D00D797E0 /* PBXContainerItemProxy */ = {
			isa = PBXContainerItemProxy;
			containerPortal = 802BCE8C2DC6666B00D797E0 /* Project object */;
			proxyType = 1;
			remoteGlobalIDString = 802BCE932DC6666B00D797E0;
			remoteInfo = survivAI;
		};
		802BCEAD2DC6666D00D797E0 /* PBXContainerItemProxy */ = {
			isa = PBXContainerItemProxy;
			containerPortal = 802BCE8C2DC6666B00D797E0 /* Project object */;
			proxyType = 1;
			remoteGlobalIDString = 802BCE932DC6666B00D797E0;
			remoteInfo = survivAI;
		};
/* End PBXContainerItemProxy section */

/* Begin PBXCopyFilesBuildPhase section */
		802BCEDA2DC66B6B00D797E0 /* Embed Frameworks */ = {
			isa = PBXCopyFilesBuildPhase;
			buildActionMask = 2147483647;
			dstPath = "";
			dstSubfolderSpec = 10;
			files = (
			);
			name = "Embed Frameworks";
			runOnlyForDeploymentPostprocessing = 0;
		};
/* End PBXCopyFilesBuildPhase section */

/* Begin PBXFileReference section */
		802BCE942DC6666B00D797E0 /* survivAI.app */ = {isa = PBXFileReference; explicitFileType = wrapper.application; includeInIndex = 0; path = survivAI.app; sourceTree = BUILT_PRODUCTS_DIR; };
		802BCEA22DC6666D00D797E0 /* survivAITests.xctest */ = {isa = PBXFileReference; explicitFileType = wrapper.cfbundle; includeInIndex = 0; path = survivAITests.xctest; sourceTree = BUILT_PRODUCTS_DIR; };
		802BCEAC2DC6666D00D797E0 /* survivAIUITests.xctest */ = {isa = PBXFileReference; explicitFileType = wrapper.cfbundle; includeInIndex = 0; path = survivAIUITests.xctest; sourceTree = BUILT_PRODUCTS_DIR; };
/* End PBXFileReference section */

/* Begin PBXFileSystemSynchronizedBuildFileExceptionSet section */
		80A81CE32F2286AB00F4B1AD /* Exceptions for "survivAI" folder in "survivAI" target */ = {
			isa = PBXFileSystemSynchronizedBuildFileExceptionSet;
			membershipExceptions = (
				Resources/emergency_knowledge.db,
			);
			target = 802BCE932DC6666B00D797E0 /* survivAI */;
		};
/* End PBXFileSystemSynchronizedBuildFileExceptionSet section */

/* Begin PBXFileSystemSynchronizedGroupBuildPhaseMembershipExceptionSet section */
		802BCED72DC668B200D797E0 /* Exceptions for "survivAI" folder in "Compile Sources" phase from "survivAI" target */ = {
			isa = PBXFileSystemSynchronizedGroupBuildPhaseMembershipExceptionSet;
			buildPhase = 802BCE902DC6666B00D797E0 /* Sources */;
			membershipExceptions = (
				LLMWrapper.h,
			);
		};
		802BCEDB2DC66B6B00D797E0 /* Exceptions for "survivAI" folder in "Embed Frameworks" phase from "survivAI" target */ = {
			isa = PBXFileSystemSynchronizedGroupBuildPhaseMembershipExceptionSet;
			attributesByRelativePath = {
				llama.xcframework = (CodeSignOnCopy, RemoveHeadersOnCopy, );
			};
			buildPhase = 802BCEDA2DC66B6B00D797E0 /* Embed Frameworks */;
			membershipExceptions = (
				llama.xcframework,
			);
		};
/* End PBXFileSystemSynchronizedGroupBuildPhaseMembershipExceptionSet section */

/* Begin PBXFileSystemSynchronizedRootGroup section */
		802BCE962DC6666B00D797E0 /* survivAI */ = {
			isa = PBXFileSystemSynchronizedRootGroup;
			exceptions = (
				80A81CE32F2286AB00F4B1AD /* Exceptions for "survivAI" folder in "survivAI" target */,
				802BCED72DC668B200D797E0 /* Exceptions for "survivAI" folder in "Compile Sources" phase from "survivAI" target */,
				802BCEDB2DC66B6B00D797E0 /* Exceptions for "survivAI" folder in "Embed Frameworks" phase from "survivAI" target */,
			);
			path = survivAI;
			sourceTree = "<group>";
		};
		802BCEA52DC6666D00D797E0 /* survivAITests */ = {
			isa = PBXFileSystemSynchronizedRootGroup;
			path = survivAITests;
			sourceTree = "<group>";
		};
		802BCEAF2DC6666D00D797E0 /* survivAIUITests */ = {
			isa = PBXFileSystemSynchronizedRootGroup;
			path = survivAIUITests;
			sourceTree = "<group>";
		};
/* End PBXFileSystemSynchronizedRootGroup section */

/* Begin PBXFrameworksBuildPhase section */
		802BCE912DC6666B00D797E0 /* Frameworks */ = {
			isa = PBXFrameworksBuildPhase;
			buildActionMask = 2147483647;
			files = (
			);
			runOnlyForDeploymentPostprocessing = 0;
		};
		802BCE9F2DC6666D00D797E0 /* Frameworks */ = {
			isa = PBXFrameworksBuildPhase;
			buildActionMask = 2147483647;
			files = (
			);
			runOnlyForDeploymentPostprocessing = 0;
		};
		802BCEA92DC6666D00D797E0 /* Frameworks */ = {
			isa = PBXFrameworksBuildPhase;
			buildActionMask = 2147483647;
			files = (
			);
			runOnlyForDeploymentPostprocessing = 0;
		};
/* End PBXFrameworksBuildPhase section */

/* Begin PBXGroup section */
		802BCE8B2DC6666B00D797E0 = {
			isa = PBXGroup;
			children = (
				802BCE962DC6666B00D797E0 /* survivAI */,
				802BCEA52DC6666D00D797E0 /* survivAITests */,
				802BCEAF2DC6666D00D797E0 /* survivAIUITests */,
				802BCE952DC6666B00D797E0 /* Products */,
			);
			sourceTree = "<group>";
		};
		802BCE952DC6666B00D797E0 /* Products */ = {
			isa = PBXGroup;
			children = (
				802BCE942DC6666B00D797E0 /* survivAI.app */,
				802BCEA22DC6666D00D797E0 /* survivAITests.xctest */,
				802BCEAC2DC6666D00D797E0 /* survivAIUITests.xctest */,
			);
			name = Products;
			sourceTree = "<group>";
		};
/* End PBXGroup section */

/* Begin PBXNativeTarget section */
		802BCE932DC6666B00D797E0 /* survivAI */ = {
			isa = PBXNativeTarget;
			buildConfigurationList = 802BCEB62DC6666E00D797E0 /* Build configuration list for PBXNativeTarget "survivAI" */;
			buildPhases = (
				802BCE902DC6666B00D797E0 /* Sources */,
				802BCE912DC6666B00D797E0 /* Frameworks */,
				802BCE922DC6666B00D797E0 /* Resources */,
				802BCEDA2DC66B6B00D797E0 /* Embed Frameworks */,
				806BA2032F22844E00DE958E /* Run Script */,
			);
			buildRules = (
			);
			dependencies = (
			);
			fileSystemSynchronizedGroups = (
				802BCE962DC6666B00D797E0 /* survivAI */,
			);
			name = survivAI;
			packageProductDependencies = (
			);
			productName = survivAI;
			productReference = 802BCE942DC6666B00D797E0 /* survivAI.app */;
			productType = "com.apple.product-type.application";
		};
		802BCEA12DC6666D00D797E0 /* survivAITests */ = {
			isa = PBXNativeTarget;
			buildConfigurationList = 802BCEB92DC6666E00D797E0 /* Build configuration list for PBXNativeTarget "survivAITests" */;
			buildPhases = (
				802BCE9E2DC6666D00D797E0 /* Sources */,
				802BCE9F2DC6666D00D797E0 /* Frameworks */,
				802BCEA02DC6666D00D797E0 /* Resources */,
			);
			buildRules = (
			);
			dependencies = (
				802BCEA42DC6666D00D797E0 /* PBXTargetDependency */,
			);
			fileSystemSynchronizedGroups = (
				802BCEA52DC6666D00D797E0 /* survivAITests */,
			);
			name = survivAITests;
			packageProductDependencies = (
			);
			productName = survivAITests;
			productReference = 802BCEA22DC6666D00D797E0 /* survivAITests.xctest */;
			productType = "com.apple.product-type.bundle.unit-test";
		};
		802BCEAB2DC6666D00D797E0 /* survivAIUITests */ = {
			isa = PBXNativeTarget;
			buildConfigurationList = 802BCEBC2DC6666E00D797E0 /* Build configuration list for PBXNativeTarget "survivAIUITests" */;
			buildPhases = (
				802BCEA82DC6666D00D797E0 /* Sources */,
				802BCEA92DC6666D00D797E0 /* Frameworks */,
				802BCEAA2DC6666D00D797E0 /* Resources */,
			);
			buildRules = (
			);
			dependencies = (
				802BCEAE2DC6666D00D797E0 /* PBXTargetDependency */,
			);
			fileSystemSynchronizedGroups = (
				802BCEAF2DC6666D00D797E0 /* survivAIUITests */,
			);
			name = survivAIUITests;
			packageProductDependencies = (
			);
			productName = survivAIUITests;
			productReference = 802BCEAC2DC6666D00D797E0 /* survivAIUITests.xctest */;
			productType = "com.apple.product-type.bundle.ui-testing";
		};
/* End PBXNativeTarget section */

/* Begin PBXProject section */
		802BCE8C2DC6666B00D797E0 /* Project object */ = {
			isa = PBXProject;
			attributes = {
				BuildIndependentTargetsInParallel = 1;
				LastSwiftUpdateCheck = 1630;
				LastUpgradeCheck = 1630;
				TargetAttributes = {
					802BCE932DC6666B00D797E0 = {
						CreatedOnToolsVersion = 16.3;
						LastSwiftMigration = 1630;
					};
					802BCEA12DC6666D00D797E0 = {
						CreatedOnToolsVersion = 16.3;
						TestTargetID = 802BCE932DC6666B00D797E0;
					};
					802BCEAB2DC6666D00D797E0 = {
						CreatedOnToolsVersion = 16.3;
						TestTargetID = 802BCE932DC6666B00D797E0;
					};
				};
			};
			buildConfigurationList = 802BCE8F2DC6666B00D797E0 /* Build configuration list for PBXProject "survivAI" */;
			developmentRegion = en;
			hasScannedForEncodings = 0;
			knownRegions = (
				en,
				Base,
			);
			mainGroup = 802BCE8B2DC6666B00D797E0;
			minimizedProjectReferenceProxies = 1;
			preferredProjectObjectVersion = 77;
			productRefGroup = 802BCE952DC6666B00D797E0 /* Products */;
			projectDirPath = "";
			projectRoot = "";
			targets = (
				802BCE932DC6666B00D797E0 /* survivAI */,
				802BCEA12DC6666D00D797E0 /* survivAITests */,
				802BCEAB2DC6666D00D797E0 /* survivAIUITests */,
			);
		};
/* End PBXProject section */

/* Begin PBXResourcesBuildPhase section */
		802BCE922DC6666B00D797E0 /* Resources */ = {
			isa = PBXResourcesBuildPhase;
			buildActionMask = 2147483647;
			files = (
			);
			runOnlyForDeploymentPostprocessing = 0;
		};
		802BCEA02DC6666D00D797E0 /* Resources */ = {
			isa = PBXResourcesBuildPhase;
			buildActionMask = 2147483647;
			files = (
			);
			runOnlyForDeploymentPostprocessing = 0;
		};
		802BCEAA2DC6666D00D797E0 /* Resources */ = {
			isa = PBXResourcesBuildPhase;
			buildActionMask = 2147483647;
			files = (
			);
			runOnlyForDeploymentPostprocessing = 0;
		};
/* End PBXResourcesBuildPhase section */

/* Begin PBXShellScriptBuildPhase section */
		806BA2032F22844E00DE958E /* Run Script */ = {
			isa = PBXShellScriptBuildPhase;
			buildActionMask = 2147483647;
			files = (
			);
			inputFileListPaths = (
			);
			inputPaths = (
				"$(SRCROOT)/Scripts/generate_embeddings_basic.py",
				"$(SRCROOT)/survivAI/Resources/EmergencyKnowledge/medical.json",
				"$(SRCROOT)/survivAI/Resources/EmergencyKnowledge/wilderness.json",
				"$(SRCROOT)/survivAI/Resources/EmergencyKnowledge/weather.json",
				"$(SRCROOT)/survivAI/Resources/EmergencyKnowledge/fire.json",
				"$(SRCROOT)/survivAI/Resources/EmergencyKnowledge/general.json",
			);
			name = "Run Script";
			outputFileListPaths = (
			);
			outputPaths = (
				"$(SRCROOT)/survivAI/Resources/emergency_knowledge.db",
			);
			runOnlyForDeploymentPostprocessing = 0;
			shellPath = /bin/sh;
			shellScript = "# Disable sandboxing for this script (needs to write database file)\nexport ENABLE_USER_SCRIPT_SANDBOXING=NO\n\n#!/bin/bash\nset -e\n\necho \"🔍 Checking if knowledge database needs regeneration...\"\n\nif ! command -v python3 &> /dev/null; then\n    echo \"⚠️  Warning: python3 not found. Skipping.\"\n    exit 0\nfi\n\nDB_SOURCE=\"${SRCROOT}/survivAI/Resources/emergency_knowledge.db\"\nDB_DEST=\"${BUILT_PRODUCTS_DIR}/${PRODUCT_NAME}.app/emergency_knowledge.db\"\nKNOWLEDGE_DIR=\"${SRCROOT}/survivAI/Resources/EmergencyKnowledge\"\nTIMESTAMP_FILE=\"${SRCROOT}/.db_last_generated\"\n\nNEEDS_REGEN=false\n\nif [ ! -f \"$DB_SOURCE\" ]; then\n    echo \"📦 Database not found. Generating...\"\n    NEEDS_REGEN=true\nelif [ ! -f \"$TIMESTAMP_FILE\" ]; then\n    NEEDS_REGEN=true\nelse\n    for json_file in \"$KNOWLEDGE_DIR\"/*.json; do\n        if [ \"$json_file\" -nt \"$TIMESTAMP_FILE\" ]; then\n            echo \"📝 Updated: $(basename \"$json_file\")\"\n            NEEDS_REGEN=true\n            break\n        fi\n    done\nfi\n\nif [ \"$NEEDS_REGEN\" = true ]; then\n    echo \"🚀 Regenerating database...\"\n    cd \"${SRCROOT}/Scripts\"\n    python3 generate_embeddings_basic.py\n    touch \"$TIMESTAMP_FILE\"\n    echo \"✅ Database regenerated successfully\"\nfi\n\n# Copy database to app bundle\necho \"📋 Copying database to app bundle...\"\nmkdir -p \"$(dirname \"$DB_DEST\")\"\ncp \"$DB_SOURCE\" \"$DB_DEST\"\necho \"✓ Database ready in app bundle\"\n";
		};
/* End PBXShellScriptBuildPhase section */

/* Begin PBXSourcesBuildPhase section */
		802BCE902DC6666B00D797E0 /* Sources */ = {
			isa = PBXSourcesBuildPhase;
			buildActionMask = 2147483647;
			files = (
			);
			runOnlyForDeploymentPostprocessing = 0;
		};
		802BCE9E2DC6666D00D797E0 /* Sources */ = {
			isa = PBXSourcesBuildPhase;
			buildActionMask = 2147483647;
			files = (
			);
			runOnlyForDeploymentPostprocessing = 0;
		};
		802BCEA82DC6666D00D797E0 /* Sources */ = {
			isa = PBXSourcesBuildPhase;
			buildActionMask = 2147483647;
			files = (
			);
			runOnlyForDeploymentPostprocessing = 0;
		};
/* End PBXSourcesBuildPhase section */

/* Begin PBXTargetDependency section */
		802BCEA42DC6666D00D797E0 /* PBXTargetDependency */ = {
			isa = PBXTargetDependency;
			target = 802BCE932DC6666B00D797E0 /* survivAI */;
			targetProxy = 802BCEA32DC6666D00D797E0 /* PBXContainerItemProxy */;
		};
		802BCEAE2DC6666D00D797E0 /* PBXTargetDependency */ = {
			isa = PBXTargetDependency;
			target = 802BCE932DC6666B00D797E0 /* survivAI */;
			targetProxy = 802BCEAD2DC6666D00D797E0 /* PBXContainerItemProxy */;
		};
/* End PBXTargetDependency section */

/* Begin XCBuildConfiguration section */
		802BCEB42DC6666E00D797E0 /* Debug */ = {
			isa = XCBuildConfiguration;
			buildSettings = {
				ALWAYS_SEARCH_USER_PATHS = NO;
				ASSETCATALOG_COMPILER_GENERATE_SWIFT_ASSET_SYMBOL_EXTENSIONS = YES;
				CLANG_ANALYZER_NONNULL = YES;
				CLANG_ANALYZER_NUMBER_OBJECT_CONVERSION = YES_AGGRESSIVE;
				CLANG_CXX_LANGUAGE_STANDARD = "gnu++20";
				CLANG_ENABLE_MODULES = YES;
				CLANG_ENABLE_OBJC_ARC = YES;
				CLANG_ENABLE_OBJC_WEAK = YES;
				CLANG_WARN_BLOCK_CAPTURE_AUTORELEASING = YES;
				CLANG_WARN_BOOL_CONVERSION = YES;
				CLANG_WARN_COMMA = YES;
				CLANG_WARN_CONSTANT_CONVERSION = YES;
				CLANG_WARN_DEPRECATED_OBJC_IMPLEMENTATIONS = YES;
				CLANG_WARN_DIRECT_OBJC_ISA_USAGE = YES_ERROR;
				CLANG_WARN_DOCUMENTATION_COMMENTS = YES;
				CLANG_WARN_EMPTY_BODY = YES;
				CLANG_WARN_ENUM_CONVERSION = YES;
				CLANG_WARN_INFINITE_RECURSION = YES;
				CLANG_WARN_INT_CONVERSION = YES;
				CLANG_WARN_NON_LITERAL_NULL_CONVERSION = YES;
				CLANG_WARN_OBJC_IMPLICIT_RETAIN_SELF = YES;
				CLANG_WARN_OBJC_LITERAL_CONVERSION = YES;
				CLANG_WARN_OBJC_ROOT_CLASS = YES_ERROR;
				CLANG_WARN_QUOTED_INCLUDE_IN_FRAMEWORK_HEADER = YES;
				CLANG_WARN_RANGE_LOOP_ANALYSIS = YES;
				CLANG_WARN_STRICT_PROTOTYPES = YES;
				CLANG_WARN_SUSPICIOUS_MOVE = YES;
				CLANG_WARN_UNGUARDED_AVAILABILITY = YES_AGGRESSIVE;
				CLANG_WARN_UNREACHABLE_CODE = YES;
				CLANG_WARN__DUPLICATE_METHOD_MATCH = YES;
				COPY_PHASE_STRIP = NO;
				DEBUG_INFORMATION_FORMAT = dwarf;
				DEVELOPMENT_TEAM = P97RH7S272;
				ENABLE_STRICT_OBJC_MSGSEND = YES;
				ENABLE_TESTABILITY = YES;
				ENABLE_USER_SCRIPT_SANDBOXING = NO;
				GCC_C_LANGUAGE_STANDARD = gnu17;
				GCC_DYNAMIC_NO_PIC = NO;
				GCC_NO_COMMON_BLOCKS = YES;
				GCC_OPTIMIZATION_LEVEL = 0;
				GCC_PREPROCESSOR_DEFINITIONS = (
					"DEBUG=1",
					"$(inherited)",
				);
				GCC_WARN_64_TO_32_BIT_CONVERSION = YES;
				GCC_WARN_ABOUT_RETURN_TYPE = YES_ERROR;
				GCC_WARN_UNDECLARED_SELECTOR = YES;
				GCC_WARN_UNINITIALIZED_AUTOS = YES_AGGRESSIVE;
				GCC_WARN_UNUSED_FUNCTION = YES;
				GCC_WARN_UNUSED_VARIABLE = YES;
				LOCALIZATION_PREFERS_STRING_CATALOGS = YES;
				MTL_ENABLE_DEBUG_INFO = INCLUDE_SOURCE;
				MTL_FAST_MATH = YES;
				ONLY_ACTIVE_ARCH = YES;
				SWIFT_ACTIVE_COMPILATION_CONDITIONS = "DEBUG $(inherited)";
				SWIFT_OPTIMIZATION_LEVEL = "-Onone";
			};
			name = Debug;
		};
		802BCEB52DC6666E00D797E0 /* Release */ = {
			isa = XCBuildConfiguration;
			buildSettings = {
				ALWAYS_SEARCH_USER_PATHS = NO;
				ASSETCATALOG_COMPILER_GENERATE_SWIFT_ASSET_SYMBOL_EXTENSIONS = YES;
				CLANG_ANALYZER_NONNULL = YES;
				CLANG_ANALYZER_NUMBER_OBJECT_CONVERSION = YES_AGGRESSIVE;
				CLANG_CXX_LANGUAGE_STANDARD = "gnu++20";
				CLANG_ENABLE_MODULES = YES;
				CLANG_ENABLE_OBJC_ARC = YES;
				CLANG_ENABLE_OBJC_WEAK = YES;
				CLANG_WARN_BLOCK_CAPTURE_AUTORELEASING = YES;
				CLANG_WARN_BOOL_CONVERSION = YES;
				CLANG_WARN_COMMA = YES;
				CLANG_WARN_CONSTANT_CONVERSION = YES;
				CLANG_WARN_DEPRECATED_OBJC_IMPLEMENTATIONS = YES;
				CLANG_WARN_DIRECT_OBJC_ISA_USAGE = YES_ERROR;
				CLANG_WARN_DOCUMENTATION_COMMENTS = YES;
				CLANG_WARN_EMPTY_BODY = YES;
				CLANG_WARN_ENUM_CONVERSION = YES;
				CLANG_WARN_INFINITE_RECURSION = YES;
				CLANG_WARN_INT_CONVERSION = YES;
				CLANG_WARN_NON_LITERAL_NULL_CONVERSION = YES;
				CLANG_WARN_OBJC_IMPLICIT_RETAIN_SELF = YES;
				CLANG_WARN_OBJC_LITERAL_CONVERSION = YES;
				CLANG_WARN_OBJC_ROOT_CLASS = YES_ERROR;
				CLANG_WARN_QUOTED_INCLUDE_IN_FRAMEWORK_HEADER = YES;
				CLANG_WARN_RANGE_LOOP_ANALYSIS = YES;
				CLANG_WARN_STRICT_PROTOTYPES = YES;
				CLANG_WARN_SUSPICIOUS_MOVE = YES;
				CLANG_WARN_UNGUARDED_AVAILABILITY = YES_AGGRESSIVE;
				CLANG_WARN_UNREACHABLE_CODE = YES;
				CLANG_WARN__DUPLICATE_METHOD_MATCH = YES;
				COPY_PHASE_STRIP = NO;
				DEBUG_INFORMATION_FORMAT = "dwarf-with-dsym";
				DEVELOPMENT_TEAM = P97RH7S272;
				ENABLE_NS_ASSERTIONS = NO;
				ENABLE_STRICT_OBJC_MSGSEND = YES;
				ENABLE_USER_SCRIPT_SANDBOXING = NO;
				GCC_C_LANGUAGE_STANDARD = gnu17;
				GCC_NO_COMMON_BLOCKS = YES;
				GCC_WARN_64_TO_32_BIT_CONVERSION = YES;
				GCC_WARN_ABOUT_RETURN_TYPE = YES_ERROR;
				GCC_WARN_UNDECLARED_SELECTOR = YES;
				GCC_WARN_UNINITIALIZED_AUTOS = YES_AGGRESSIVE;
				GCC_WARN_UNUSED_FUNCTION = YES;
				GCC_WARN_UNUSED_VARIABLE = YES;
				LOCALIZATION_PREFERS_STRING_CATALOGS = YES;
				MTL_ENABLE_DEBUG_INFO = NO;
				MTL_FAST_MATH = YES;
				SWIFT_COMPILATION_MODE = wholemodule;
			};
			name = Release;
		};
		802BCEB72DC6666E00D797E0 /* Debug */ = {
			isa = XCBuildConfiguration;
			buildSettings = {
				ASSETCATALOG_COMPILER_APPICON_NAME = AppIcon;
				ASSETCATALOG_COMPILER_GLOBAL_ACCENT_COLOR_NAME = AccentColor;
				CLANG_ENABLE_MODULES = YES;
				CODE_SIGN_ENTITLEMENTS = survivAI/survivAI.entitlements;
				CODE_SIGN_IDENTITY = "Apple Development";
				CODE_SIGN_STYLE = Automatic;
				CURRENT_PROJECT_VERSION = 1;
				DEVELOPMENT_TEAM = W2KRQ33G3D;
				ENABLE_HARDENED_RUNTIME = YES;
				ENABLE_PREVIEWS = YES;
				GENERATE_INFOPLIST_FILE = YES;
				HEADER_SEARCH_PATHS = "$(PROJECT_DIR)/llama/**";
				"INFOPLIST_KEY_UIApplicationSceneManifest_Generation[sdk=iphoneos*]" = YES;
				"INFOPLIST_KEY_UIApplicationSceneManifest_Generation[sdk=iphonesimulator*]" = YES;
				"INFOPLIST_KEY_UIApplicationSupportsIndirectInputEvents[sdk=iphoneos*]" = YES;
				"INFOPLIST_KEY_UIApplicationSupportsIndirectInputEvents[sdk=iphonesimulator*]" = YES;
				"INFOPLIST_KEY_UILaunchScreen_Generation[sdk=iphoneos*]" = YES;
				"INFOPLIST_KEY_UILaunchScreen_Generation[sdk=iphonesimulator*]" = YES;
				"INFOPLIST_KEY_UIStatusBarStyle[sdk=iphoneos*]" = UIStatusBarStyleDefault;
				"INFOPLIST_KEY_UIStatusBarStyle[sdk=iphonesimulator*]" = UIStatusBarStyleDefault;
				INFOPLIST_KEY_UISupportedInterfaceOrientations_iPad = "UIInterfaceOrientationPortrait UIInterfaceOrientationPortraitUpsideDown UIInterfaceOrientationLandscapeLeft UIInterfaceOrientationLandscapeRight";
				INFOPLIST_KEY_UISupportedInterfaceOrientations_iPhone = "UIInterfaceOrientationPortrait UIInterfaceOrientationLandscapeLeft UIInterfaceOrientationLandscapeRight";
				IPHONEOS_DEPLOYMENT_TARGET = 18.4;
				LD_RUNPATH_SEARCH_PATHS = "@executable_path/Frameworks";
				"LD_RUNPATH_SEARCH_PATHS[sdk=macosx*]" = "@executable_path/../Frameworks";
				MACOSX_DEPLOYMENT_TARGET = 15.3;
				MARKETING_VERSION = 1.0;
				PRODUCT_BUNDLE_IDENTIFIER = com.ikaru.survivAI;
				PRODUCT_NAME = "$(TARGET_NAME)";
				PROVISIONING_PROFILE_SPECIFIER = "";
				REGISTER_APP_GROUPS = YES;
				SDKROOT = auto;
				SUPPORTED_PLATFORMS = "iphoneos iphonesimulator macosx xros xrsimulator";
				SWIFT_EMIT_LOC_STRINGS = YES;
				SWIFT_OBJC_BRIDGING_HEADER = "survivAI/survivAI-Bridging-Header.h";
				SWIFT_OPTIMIZATION_LEVEL = "-Onone";
				SWIFT_VERSION = 5.0;
				TARGETED_DEVICE_FAMILY = "1,2,7";
				XROS_DEPLOYMENT_TARGET = 2.4;
			};
			name = Debug;
		};
		802BCEB82DC6666E00D797E0 /* Release */ = {
			isa = XCBuildConfiguration;
			buildSettings = {
				ASSETCATALOG_COMPILER_APPICON_NAME = AppIcon;
				ASSETCATALOG_COMPILER_GLOBAL_ACCENT_COLOR_NAME = AccentColor;
				CLANG_ENABLE_MODULES = YES;
				CODE_SIGN_ENTITLEMENTS = survivAI/survivAI.entitlements;
				CODE_SIGN_IDENTITY = "Apple Development";
				CODE_SIGN_STYLE = Automatic;
				CURRENT_PROJECT_VERSION = 1;
				DEVELOPMENT_TEAM = W2KRQ33G3D;
				ENABLE_HARDENED_RUNTIME = YES;
				ENABLE_PREVIEWS = YES;
				GENERATE_INFOPLIST_FILE = YES;
				HEADER_SEARCH_PATHS = "$(PROJECT_DIR)/llama/**";
				"INFOPLIST_KEY_UIApplicationSceneManifest_Generation[sdk=iphoneos*]" = YES;
				"INFOPLIST_KEY_UIApplicationSceneManifest_Generation[sdk=iphonesimulator*]" = YES;
				"INFOPLIST_KEY_UIApplicationSupportsIndirectInputEvents[sdk=iphoneos*]" = YES;
				"INFOPLIST_KEY_UIApplicationSupportsIndirectInputEvents[sdk=iphonesimulator*]" = YES;
				"INFOPLIST_KEY_UILaunchScreen_Generation[sdk=iphoneos*]" = YES;
				"INFOPLIST_KEY_UILaunchScreen_Generation[sdk=iphonesimulator*]" = YES;
				"INFOPLIST_KEY_UIStatusBarStyle[sdk=iphoneos*]" = UIStatusBarStyleDefault;
				"INFOPLIST_KEY_UIStatusBarStyle[sdk=iphonesimulator*]" = UIStatusBarStyleDefault;
				INFOPLIST_KEY_UISupportedInterfaceOrientations_iPad = "UIInterfaceOrientationPortrait UIInterfaceOrientationPortraitUpsideDown UIInterfaceOrientationLandscapeLeft UIInterfaceOrientationLandscapeRight";
				INFOPLIST_KEY_UISupportedInterfaceOrientations_iPhone = "UIInterfaceOrientationPortrait UIInterfaceOrientationLandscapeLeft UIInterfaceOrientationLandscapeRight";
				IPHONEOS_DEPLOYMENT_TARGET = 18.4;
				LD_RUNPATH_SEARCH_PATHS = "@executable_path/Frameworks";
				"LD_RUNPATH_SEARCH_PATHS[sdk=macosx*]" = "@executable_path/../Frameworks";
				MACOSX_DEPLOYMENT_TARGET = 15.3;
				MARKETING_VERSION = 1.0;
				PRODUCT_BUNDLE_IDENTIFIER = com.ikaru.survivAI;
				PRODUCT_NAME = "$(TARGET_NAME)";
				PROVISIONING_PROFILE_SPECIFIER = "";
				REGISTER_APP_GROUPS = YES;
				SDKROOT = auto;
				SUPPORTED_PLATFORMS = "iphoneos iphonesimulator macosx xros xrsimulator";
				SWIFT_EMIT_LOC_STRINGS = YES;
				SWIFT_OBJC_BRIDGING_HEADER = "survivAI/survivAI-Bridging-Header.h";
				SWIFT_VERSION = 5.0;
				TARGETED_DEVICE_FAMILY = "1,2,7";
				XROS_DEPLOYMENT_TARGET = 2.4;
			};
			name = Release;
		};
		802BCEBA2DC6666E00D797E0 /* Debug */ = {
			isa = XCBuildConfiguration;
			buildSettings = {
				BUNDLE_LOADER = "$(TEST_HOST)";
				CODE_SIGN_STYLE = Automatic;
				CURRENT_PROJECT_VERSION = 1;
				DEVELOPMENT_TEAM = P97RH7S272;
				GENERATE_INFOPLIST_FILE = YES;
				IPHONEOS_DEPLOYMENT_TARGET = 18.4;
				MACOSX_DEPLOYMENT_TARGET = 15.3;
				MARKETING_VERSION = 1.0;
				PRODUCT_BUNDLE_IDENTIFIER = com.ikaru.survivAITests;
				PRODUCT_NAME = "$(TARGET_NAME)";
				SDKROOT = auto;
				SUPPORTED_PLATFORMS = "iphoneos iphonesimulator macosx xros xrsimulator";
				SWIFT_EMIT_LOC_STRINGS = NO;
				SWIFT_VERSION = 5.0;
				TARGETED_DEVICE_FAMILY = "1,2,7";
				TEST_HOST = "$(BUILT_PRODUCTS_DIR)/survivAI.app/$(BUNDLE_EXECUTABLE_FOLDER_PATH)/survivAI";
				XROS_DEPLOYMENT_TARGET = 2.4;
			};
			name = Debug;
		};
		802BCEBB2DC6666E00D797E0 /* Release */ = {
			isa = XCBuildConfiguration;
			buildSettings = {
				BUNDLE_LOADER = "$(TEST_HOST)";
				CODE_SIGN_STYLE = Automatic;
				CURRENT_PROJECT_VERSION = 1;
				DEVELOPMENT_TEAM = P97RH7S272;
				GENERATE_INFOPLIST_FILE = YES;
				IPHONEOS_DEPLOYMENT_TARGET = 18.4;
				MACOSX_DEPLOYMENT_TARGET = 15.3;
				MARKETING_VERSION = 1.0;
				PRODUCT_BUNDLE_IDENTIFIER = com.ikaru.survivAITests;
				PRODUCT_NAME = "$(TARGET_NAME)";
				SDKROOT = auto;
				SUPPORTED_PLATFORMS = "iphoneos iphonesimulator macosx xros xrsimulator";
				SWIFT_EMIT_LOC_STRINGS = NO;
				SWIFT_VERSION = 5.0;
				TARGETED_DEVICE_FAMILY = "1,2,7";
				TEST_HOST = "$(BUILT_PRODUCTS_DIR)/survivAI.app/$(BUNDLE_EXECUTABLE_FOLDER_PATH)/survivAI";
				XROS_DEPLOYMENT_TARGET = 2.4;
			};
			name = Release;
		};
		802BCEBD2DC6666E00D797E0 /* Debug */ = {
			isa = XCBuildConfiguration;
			buildSettings = {
				CODE_SIGN_STYLE = Automatic;
				CURRENT_PROJECT_VERSION = 1;
				DEVELOPMENT_TEAM = P97RH7S272;
				GENERATE_INFOPLIST_FILE = YES;
				IPHONEOS_DEPLOYMENT_TARGET = 18.4;
				MACOSX_DEPLOYMENT_TARGET = 15.3;
				MARKETING_VERSION = 1.0;
				PRODUCT_BUNDLE_IDENTIFIER = com.ikaru.survivAIUITests;
				PRODUCT_NAME = "$(TARGET_NAME)";
				SDKROOT = auto;
				SUPPORTED_PLATFORMS = "iphoneos iphonesimulator macosx xros xrsimulator";
				SWIFT_EMIT_LOC_STRINGS = NO;
				SWIFT_VERSION = 5.0;
				TARGETED_DEVICE_FAMILY = "1,2,7";
				TEST_TARGET_NAME = survivAI;
				XROS_DEPLOYMENT_TARGET = 2.4;
			};
			name = Debug;
		};
		802BCEBE2DC6666E00D797E0 /* Release */ = {
			isa = XCBuildConfiguration;
			buildSettings = {
				CODE_SIGN_STYLE = Automatic;
				CURRENT_PROJECT_VERSION = 1;
				DEVELOPMENT_TEAM = P97RH7S272;
				GENERATE_INFOPLIST_FILE = YES;
				IPHONEOS_DEPLOYMENT_TARGET = 18.4;
				MACOSX_DEPLOYMENT_TARGET = 15.3;
				MARKETING_VERSION = 1.0;
				PRODUCT_BUNDLE_IDENTIFIER = com.ikaru.survivAIUITests;
				PRODUCT_NAME = "$(TARGET_NAME)";
				SDKROOT = auto;
				SUPPORTED_PLATFORMS = "iphoneos iphonesimulator macosx xros xrsimulator";
				SWIFT_EMIT_LOC_STRINGS = NO;
				SWIFT_VERSION = 5.0;
				TARGETED_DEVICE_FAMILY = "1,2,7";
				TEST_TARGET_NAME = survivAI;
				XROS_DEPLOYMENT_TARGET = 2.4;
			};
			name = Release;
		};
/* End XCBuildConfiguration section */

/* Begin XCConfigurationList section */
		802BCE8F2DC6666B00D797E0 /* Build configuration list for PBXProject "survivAI" */ = {
			isa = XCConfigurationList;
			buildConfigurations = (
				802BCEB42DC6666E00D797E0 /* Debug */,
				802BCEB52DC6666E00D797E0 /* Release */,
			);
			defaultConfigurationIsVisible = 0;
			defaultConfigurationName = Release;
		};
		802BCEB62DC6666E00D797E0 /* Build configuration list for PBXNativeTarget "survivAI" */ = {
			isa = XCConfigurationList;
			buildConfigurations = (
				802BCEB72DC6666E00D797E0 /* Debug */,
				802BCEB82DC6666E00D797E0 /* Release */,
			);
			defaultConfigurationIsVisible = 0;
			defaultConfigurationName = Release;
		};
		802BCEB92DC6666E00D797E0 /* Build configuration list for PBXNativeTarget "survivAITests" */ = {
			isa = XCConfigurationList;
			buildConfigurations = (
				802BCEBA2DC6666E00D797E0 /* Debug */,
				802BCEBB2DC6666E00D797E0 /* Release */,
			);
			defaultConfigurationIsVisible = 0;
			defaultConfigurationName = Release;
		};
		802BCEBC2DC6666E00D797E0 /* Build configuration list for PBXNativeTarget "survivAIUITests" */ = {
			isa = XCConfigurationList;
			buildConfigurations = (
				802BCEBD2DC6666E00D797E0 /* Debug */,
				802BCEBE2DC6666E00D797E0 /* Release */,
			);
			defaultConfigurationIsVisible = 0;
			defaultConfigurationName = Release;
		};
/* End XCConfigurationList section */
	};
	rootObject = 802BCE8C2DC6666B00D797E0 /* Project object */;
}
